
Microsoft Visual Studio Solution File, Format Version 12.00
# Visual Studio Version 17
VisualStudioVersion = 17.9.34607.119
MinimumVisualStudioVersion = 10.0.40219.1
Project("{9A19103F-16F7-4668-BE54-9A1E7A4F7556}") = "DiceCream.DCorp.Domain", "DiceCream.DCorp.Domain\DiceCream.DCorp.Domain.csproj", "{9D467B9C-3157-46CB-9A54-01DAE75797C6}"
EndProject
Project("{9A19103F-16F7-4668-BE54-9A1E7A4F7556}") = "DiceCream.DCorp.Infrastructure", "DiceCream.DCorp.Infrastructure\DiceCream.DCorp.Infrastructure.csproj", "{A81C5CAA-9332-4138-98C7-53BF5934D8EC}"
EndProject
Project("{FAE04EC0-301F-11D3-BF4B-00C04F79EFBC}") = "DiceCream.DCorp.Presentation", "DiceCream.DCorp.Presentation\DiceCream.DCorp.Presentation.csproj", "{60B69943-801B-4668-9245-5EBF8D127B87}"
EndProject
Project("{FAE04EC0-301F-11D3-BF4B-00C04F79EFBC}") = "DiceCream.DCorp.Application.Lib", "DiceCream.DCorp.Application.Lib\DiceCream.DCorp.Application.Lib.csproj", "{461EB3CE-0259-449B-BC47-AC7B6E4DC766}"
EndProject
Project("{FAE04EC0-301F-11D3-BF4B-00C04F79EFBC}") = "DiceCream.DCorp.Application.DTO", "DiceCream.DCorp.Application.DTO\DiceCream.DCorp.Application.DTO.csproj", "{EFC631B0-83B9-438A-BCE8-39216A1471F7}"
EndProject
Global
	GlobalSection(SolutionConfigurationPlatforms) = preSolution
		Debug|Any CPU = Debug|Any CPU
		Release|Any CPU = Release|Any CPU
	EndGlobalSection
	GlobalSection(ProjectConfigurationPlatforms) = postSolution
		{9D467B9C-3157-46CB-9A54-01DAE75797C6}.Debug|Any CPU.ActiveCfg = Debug|Any CPU
		{9D467B9C-3157-46CB-9A54-01DAE75797C6}.Debug|Any CPU.Build.0 = Debug|Any CPU
		{9D467B9C-3157-46CB-9A54-01DAE75797C6}.Release|Any CPU.ActiveCfg = Release|Any CPU
		{9D467B9C-3157-46CB-9A54-01DAE75797C6}.Release|Any CPU.Build.0 = Release|Any CPU
		{A81C5CAA-9332-4138-98C7-53BF5934D8EC}.Debug|Any CPU.ActiveCfg = Debug|Any CPU
		{A81C5CAA-9332-4138-98C7-53BF5934D8EC}.Debug|Any CPU.Build.0 = Debug|Any CPU
		{A81C5CAA-9332-4138-98C7-53BF5934D8EC}.Release|Any CPU.ActiveCfg = Release|Any CPU
		{A81C5CAA-9332-4138-98C7-53BF5934D8EC}.Release|Any CPU.Build.0 = Release|Any CPU
		{60B69943-801B-4668-9245-5EBF8D127B87}.Debug|Any CPU.ActiveCfg = Debug|Any CPU
		{60B69943-801B-4668-9245-5EBF8D127B87}.Debug|Any CPU.Build.0 = Debug|Any CPU
		{60B69943-801B-4668-9245-5EBF8D127B87}.Release|Any CPU.ActiveCfg = Release|Any CPU
		{60B69943-801B-4668-9245-5EBF8D127B87}.Release|Any CPU.Build.0 = Release|Any CPU
		{461EB3CE-0259-449B-BC47-AC7B6E4DC766}.Debug|Any CPU.ActiveCfg = Debug|Any CPU
		{461EB3CE-0259-449B-BC47-AC7B6E4DC766}.Debug|Any CPU.Build.0 = Debug|Any CPU
		{461EB3CE-0259-449B-BC47-AC7B6E4DC766}.Release|Any CPU.ActiveCfg = Release|Any CPU
		{461EB3CE-0259-449B-BC47-AC7B6E4DC766}.Release|Any CPU.Build.0 = Release|Any CPU
		{EFC631B0-83B9-438A-BCE8-39216A1471F7}.Debug|Any CPU.ActiveCfg = Debug|Any CPU
		{EFC631B0-83B9-438A-BCE8-39216A1471F7}.Debug|Any CPU.Build.0 = Debug|Any CPU
		{EFC631B0-83B9-438A-BCE8-39216A1471F7}.Release|Any CPU.ActiveCfg = Release|Any CPU
		{EFC631B0-83B9-438A-BCE8-39216A1471F7}.Release|Any CPU.Build.0 = Release|Any CPU
	EndGlobalSection
	GlobalSection(SolutionProperties) = preSolution
		HideSolutionNode = FALSE
	EndGlobalSection
	GlobalSection(ExtensibilityGlobals) = postSolution
		SolutionGuid = {0C4D0F8A-77CE-43C2-B839-D416B0B682D4}
	EndGlobalSection
EndGlobal
